
Microsoft Visual Studio Solution File, Format Version 12.00
# Visual Studio Version 17
VisualStudioVersion = 17.3.32929.385
MinimumVisualStudioVersion = 10.0.40219.1
Project("{FAE04EC0-301F-11D3-BF4B-00C04F79EFBC}") = "duracao", "duracao.csproj", "{AEE93203-A5D5-43AD-B3AA-26945CA737D8}"
EndProject
Global
	GlobalSection(SolutionConfigurationPlatforms) = preSolution
		Debug|Any CPU = Debug|Any CPU
		Release|Any CPU = Release|Any CPU
	EndGlobalSection
	GlobalSection(ProjectConfigurationPlatforms) = postSolution
		{AEE93203-A5D5-43AD-B3AA-26945CA737D8}.Debug|Any CPU.ActiveCfg = Debug|Any CPU
		{AEE93203-A5D5-43AD-B3AA-26945CA737D8}.Debug|Any CPU.Build.0 = Debug|Any CPU
		{AEE93203-A5D5-43AD-B3AA-26945CA737D8}.Release|Any CPU.ActiveCfg = Release|Any CPU
		{AEE93203-A5D5-43AD-B3AA-26945CA737D8}.Release|Any CPU.Build.0 = Release|Any CPU
	EndGlobalSection
	GlobalSection(SolutionProperties) = preSolution
		HideSolutionNode = FALSE
	EndGlobalSection
	GlobalSection(ExtensibilityGlobals) = postSolution
		SolutionGuid = {92A9670A-B370-4D1E-9589-14E7179525D6}
	EndGlobalSection
EndGlobal
